PODS:
  - boost (1.76.0)
  - DoubleConversion (1.1.6)
  - FBLazyVector (0.72.17)
  - FBReactNativeSpec (0.72.17):
    - RCT-Folly (= 2021.07.22.00)
    - RCTRequired (= 0.72.17)
    - RCTTypeSafety (= 0.72.17)
    - React-Core (= 0.72.17)
    - React-jsi (= 0.72.17)
    - ReactCommon/turbomodule/core (= 0.72.17)
  - fmt (9.1.0)
  - glog (0.3.5)
  - OCMock (3.9.3)
  - RCT-Folly (2021.07.22.00):
    - boost
    - DoubleConversion
    - fmt (= 9.1.0)
    - glog
    - RCT-Folly/Default (= 2021.07.22.00)
  - RCT-Folly/Default (2021.07.22.00):
    - boost
    - DoubleConversion
    - fmt (= 9.1.0)
    - glog
  - RCTRequired (0.72.17)
  - RCTTypeSafety (0.72.17):
    - FBLazyVector (= 0.72.17)
    - RCTRequired (= 0.72.17)
    - React-Core (= 0.72.17)
  - React (0.72.17):
    - React-Core (= 0.72.17)
    - React-Core/DevSupport (= 0.72.17)
    - React-Core/RCTWebSocket (= 0.72.17)
    - React-RCTActionSheet (= 0.72.17)
    - React-RCTAnimation (= 0.72.17)
    - React-RCTBlob (= 0.72.17)
    - React-RCTImage (= 0.72.17)
    - React-RCTLinking (= 0.72.17)
    - React-RCTNetwork (= 0.72.17)
    - React-RCTSettings (= 0.72.17)
    - React-RCTText (= 0.72.17)
    - React-RCTVibration (= 0.72.17)
  - React-callinvoker (0.72.17)
  - React-Codegen (0.72.17):
    - DoubleConversion
    - FBReactNativeSpec
    - glog
    - RCT-Folly
    - RCTRequired
    - RCTTypeSafety
    - React-Core
    - React-jsc
    - React-jsi
    - React-jsiexecutor
    - React-NativeModulesApple
    - React-rncore
    - ReactCommon/turbomodule/bridging
    - ReactCommon/turbomodule/core
  - React-Core (0.72.17):
    - glog
    - RCT-Folly (= 2021.07.22.00)
    - React-Core/Default (= 0.72.17)
    - React-cxxreact
    - React-jsc
    - React-jsi
    - React-jsiexecutor
    - React-perflogger
    - React-runtimeexecutor
    - React-utils
    - SocketRocket (= 0.7.0)
    - Yoga
  - React-Core/CoreModulesHeaders (0.72.17):
    - glog
    - RCT-Folly (= 2021.07.22.00)
    - React-Core/Default
    - React-cxxreact
    - React-jsc
    - React-jsi
    - React-jsiexecutor
    - React-perflogger
    - React-runtimeexecutor
    - React-utils
    - SocketRocket (= 0.7.0)
    - Yoga
  - React-Core/Default (0.72.17):
    - glog
    - RCT-Folly (= 2021.07.22.00)
    - React-cxxreact
    - React-jsc
    - React-jsi
    - React-jsiexecutor
    - React-perflogger
    - React-runtimeexecutor
    - React-utils
    - SocketRocket (= 0.7.0)
    - Yoga
  - React-Core/DevSupport (0.72.17):
    - glog
    - RCT-Folly (= 2021.07.22.00)
    - React-Core/Default (= 0.72.17)
    - React-Core/RCTWebSocket (= 0.72.17)
    - React-cxxreact
    - React-jsc
    - React-jsi
    - React-jsiexecutor
    - React-jsinspector (= 0.72.17)
    - React-perflogger
    - React-runtimeexecutor
    - React-utils
    - SocketRocket (= 0.7.0)
    - Yoga
  - React-Core/RCTActionSheetHeaders (0.72.17):
    - glog
    - RCT-Folly (= 2021.07.22.00)
    - React-Core/Default
    - React-cxxreact
    - React-jsc
    - React-jsi
    - React-jsiexecutor
    - React-perflogger
    - React-runtimeexecutor
    - React-utils
    - SocketRocket (= 0.7.0)
    - Yoga
  - React-Core/RCTAnimationHeaders (0.72.17):
    - glog
    - RCT-Folly (= 2021.07.22.00)
    - React-Core/Default
    - React-cxxreact
    - React-jsc
    - React-jsi
    - React-jsiexecutor
    - React-perflogger
    - React-runtimeexecutor
    - React-utils
    - SocketRocket (= 0.7.0)
    - Yoga
  - React-Core/RCTBlobHeaders (0.72.17):
    - glog
    - RCT-Folly (= 2021.07.22.00)
    - React-Core/Default
    - React-cxxreact
    - React-jsc
    - React-jsi
    - React-jsiexecutor
    - React-perflogger
    - React-runtimeexecutor
    - React-utils
    - SocketRocket (= 0.7.0)
    - Yoga
  - React-Core/RCTImageHeaders (0.72.17):
    - glog
    - RCT-Folly (= 2021.07.22.00)
    - React-Core/Default
    - React-cxxreact
    - React-jsc
    - React-jsi
    - React-jsiexecutor
    - React-perflogger
    - React-runtimeexecutor
    - React-utils
    - SocketRocket (= 0.7.0)
    - Yoga
  - React-Core/RCTLinkingHeaders (0.72.17):
    - glog
    - RCT-Folly (= 2021.07.22.00)
    - React-Core/Default
    - React-cxxreact
    - React-jsc
    - React-jsi
    - React-jsiexecutor
    - React-perflogger
    - React-runtimeexecutor
    - React-utils
    - SocketRocket (= 0.7.0)
    - Yoga
  - React-Core/RCTNetworkHeaders (0.72.17):
    - glog
    - RCT-Folly (= 2021.07.22.00)
    - React-Core/Default
    - React-cxxreact
    - React-jsc
    - React-jsi
    - React-jsiexecutor
    - React-perflogger
    - React-runtimeexecutor
    - React-utils
    - SocketRocket (= 0.7.0)
    - Yoga
  - React-Core/RCTPushNotificationHeaders (0.72.17):
    - glog
    - RCT-Folly (= 2021.07.22.00)
    - React-Core/Default
    - React-cxxreact
    - React-jsc
    - React-jsi
    - React-jsiexecutor
    - React-perflogger
    - React-runtimeexecutor
    - React-utils
    - SocketRocket (= 0.7.0)
    - Yoga
  - React-Core/RCTSettingsHeaders (0.72.17):
    - glog
    - RCT-Folly (= 2021.07.22.00)
    - React-Core/Default
    - React-cxxreact
    - React-jsc
    - React-jsi
    - React-jsiexecutor
    - React-perflogger
    - React-runtimeexecutor
    - React-utils
    - SocketRocket (= 0.7.0)
    - Yoga
  - React-Core/RCTTextHeaders (0.72.17):
    - glog
    - RCT-Folly (= 2021.07.22.00)
    - React-Core/Default
    - React-cxxreact
    - React-jsc
    - React-jsi
    - React-jsiexecutor
    - React-perflogger
    - React-runtimeexecutor
    - React-utils
    - SocketRocket (= 0.7.0)
    - Yoga
  - React-Core/RCTVibrationHeaders (0.72.17):
    - glog
    - RCT-Folly (= 2021.07.22.00)
    - React-Core/Default
    - React-cxxreact
    - React-jsc
    - React-jsi
    - React-jsiexecutor
    - React-perflogger
    - React-runtimeexecutor
    - React-utils
    - SocketRocket (= 0.7.0)
    - Yoga
  - React-Core/RCTWebSocket (0.72.17):
    - glog
    - RCT-Folly (= 2021.07.22.00)
    - React-Core/Default (= 0.72.17)
    - React-cxxreact
    - React-jsc
    - React-jsi
    - React-jsiexecutor
    - React-perflogger
    - React-runtimeexecutor
    - React-utils
    - SocketRocket (= 0.7.0)
    - Yoga
  - React-CoreModules (0.72.17):
    - RCT-Folly (= 2021.07.22.00)
    - RCTTypeSafety (= 0.72.17)
    - React-Codegen (= 0.72.17)
    - React-Core/CoreModulesHeaders (= 0.72.17)
    - React-jsi (= 0.72.17)
    - React-RCTBlob
    - React-RCTImage (= 0.72.17)
    - ReactCommon/turbomodule/core (= 0.72.17)
    - SocketRocket (= 0.7.0)
  - React-cxxreact (0.72.17):
    - boost (= 1.76.0)
    - DoubleConversion
    - fmt (= 9.1.0)
    - glog
    - RCT-Folly (= 2021.07.22.00)
    - React-callinvoker (= 0.72.17)
    - React-debug (= 0.72.17)
    - React-jsi (= 0.72.17)
    - React-jsinspector (= 0.72.17)
    - React-logger (= 0.72.17)
    - React-perflogger (= 0.72.17)
    - React-runtimeexecutor (= 0.72.17)
  - React-debug (0.72.17)
  - React-jsc (0.72.17):
    - React-jsc/Fabric (= 0.72.17)
    - React-jsi (= 0.72.17)
  - React-jsc/Fabric (0.72.17):
    - React-jsi (= 0.72.17)
  - React-jsi (0.72.17):
    - boost (= 1.76.0)
    - DoubleConversion
    - fmt (= 9.1.0)
    - glog
    - RCT-Folly (= 2021.07.22.00)
  - React-jsiexecutor (0.72.17):
    - DoubleConversion
    - fmt (= 9.1.0)
    - glog
    - RCT-Folly (= 2021.07.22.00)
    - React-cxxreact (= 0.72.17)
    - React-jsi (= 0.72.17)
    - React-perflogger (= 0.72.17)
  - React-jsinspector (0.72.17)
  - React-logger (0.72.17):
    - glog
  - React-NativeModulesApple (0.72.17):
    - React-callinvoker
    - React-Core
    - React-cxxreact
    - React-jsi
    - React-runtimeexecutor
    - ReactCommon/turbomodule/bridging
    - ReactCommon/turbomodule/core
  - React-perflogger (0.72.17)
  - React-RCTActionSheet (0.72.17):
    - React-Core/RCTActionSheetHeaders (= 0.72.17)
  - React-RCTAnimation (0.72.17):
    - RCT-Folly (= 2021.07.22.00)
    - RCTTypeSafety (= 0.72.17)
    - React-Codegen (= 0.72.17)
    - React-Core/RCTAnimationHeaders (= 0.72.17)
    - React-jsi (= 0.72.17)
    - ReactCommon/turbomodule/core (= 0.72.17)
  - React-RCTAppDelegate (0.72.17):
    - RCT-Folly
    - RCTRequired
    - RCTTypeSafety
    - React-Core
    - React-CoreModules
    - React-jsc
    - React-NativeModulesApple
    - React-RCTImage
    - React-RCTNetwork
    - React-runtimescheduler
    - ReactCommon/turbomodule/core
  - React-RCTBlob (0.72.17):
    - RCT-Folly (= 2021.07.22.00)
    - React-Codegen (= 0.72.17)
    - React-Core/RCTBlobHeaders (= 0.72.17)
    - React-Core/RCTWebSocket (= 0.72.17)
    - React-jsi (= 0.72.17)
    - React-RCTNetwork (= 0.72.17)
    - ReactCommon/turbomodule/core (= 0.72.17)
  - React-RCTImage (0.72.17):
    - RCT-Folly (= 2021.07.22.00)
    - RCTTypeSafety (= 0.72.17)
    - React-Codegen (= 0.72.17)
    - React-Core/RCTImageHeaders (= 0.72.17)
    - React-jsi (= 0.72.17)
    - React-RCTNetwork (= 0.72.17)
    - ReactCommon/turbomodule/core (= 0.72.17)
  - React-RCTLinking (0.72.17):
    - React-Codegen (= 0.72.17)
    - React-Core/RCTLinkingHeaders (= 0.72.17)
    - React-jsi (= 0.72.17)
    - ReactCommon/turbomodule/core (= 0.72.17)
  - React-RCTNetwork (0.72.17):
    - RCT-Folly (= 2021.07.22.00)
    - RCTTypeSafety (= 0.72.17)
    - React-Codegen (= 0.72.17)
    - React-Core/RCTNetworkHeaders (= 0.72.17)
    - React-jsi (= 0.72.17)
    - ReactCommon/turbomodule/core (= 0.72.17)
  - React-RCTPushNotification (0.72.17):
    - RCTTypeSafety (= 0.72.17)
    - React-Codegen (= 0.72.17)
    - React-Core/RCTPushNotificationHeaders (= 0.72.17)
    - React-jsi (= 0.72.17)
    - ReactCommon/turbomodule/core (= 0.72.17)
  - React-RCTSettings (0.72.17):
    - RCT-Folly (= 2021.07.22.00)
    - RCTTypeSafety (= 0.72.17)
    - React-Codegen (= 0.72.17)
    - React-Core/RCTSettingsHeaders (= 0.72.17)
    - React-jsi (= 0.72.17)
    - ReactCommon/turbomodule/core (= 0.72.17)
  - React-RCTTest (0.72.17):
    - RCT-Folly (= 2021.07.22.00)
    - React-Core (= 0.72.17)
    - React-CoreModules (= 0.72.17)
    - React-jsi (= 0.72.17)
    - ReactCommon/turbomodule/core (= 0.72.17)
  - React-RCTText (0.72.17):
    - React-Core/RCTTextHeaders (= 0.72.17)
  - React-RCTVibration (0.72.17):
    - RCT-Folly (= 2021.07.22.00)
    - React-Codegen (= 0.72.17)
    - React-Core/RCTVibrationHeaders (= 0.72.17)
    - React-jsi (= 0.72.17)
    - ReactCommon/turbomodule/core (= 0.72.17)
  - React-rncore (0.72.17)
  - React-runtimeexecutor (0.72.17):
    - React-jsi (= 0.72.17)
  - React-runtimescheduler (0.72.17):
    - glog
    - RCT-Folly (= 2021.07.22.00)
    - React-callinvoker
    - React-debug
    - React-jsi
    - React-runtimeexecutor
  - React-utils (0.72.17):
    - glog
    - RCT-Folly (= 2021.07.22.00)
    - React-debug
  - ReactCommon-Samples (0.72.17):
    - DoubleConversion
    - RCT-Folly
    - React-Codegen
    - React-Core
    - React-cxxreact
    - React-NativeModulesApple
    - ReactCommon/turbomodule/core
  - ReactCommon/turbomodule/bridging (0.72.17):
    - DoubleConversion
    - fmt (= 9.1.0)
    - glog
    - RCT-Folly (= 2021.07.22.00)
    - React-callinvoker (= 0.72.17)
    - React-cxxreact (= 0.72.17)
    - React-jsi (= 0.72.17)
    - React-logger (= 0.72.17)
    - React-perflogger (= 0.72.17)
  - ReactCommon/turbomodule/core (0.72.17):
    - DoubleConversion
    - fmt (= 9.1.0)
    - glog
    - RCT-Folly (= 2021.07.22.00)
    - React-callinvoker (= 0.72.17)
    - React-cxxreact (= 0.72.17)
    - React-jsi (= 0.72.17)
    - React-logger (= 0.72.17)
    - React-perflogger (= 0.72.17)
  - ScreenshotManager (0.0.1):
    - RCT-Folly (= 2021.07.22.00)
    - React-Core
  - SocketRocket (0.7.0)
  - Yoga (1.14.0)

DEPENDENCIES:
  - boost (from `../react-native/third-party-podspecs/boost.podspec`)
  - DoubleConversion (from `../react-native/third-party-podspecs/DoubleConversion.podspec`)
  - FBLazyVector (from `../react-native/Libraries/FBLazyVector`)
  - FBReactNativeSpec (from `../react-native/React/FBReactNativeSpec`)
  - fmt (from `../react-native/third-party-podspecs/fmt.podspec`)
  - glog (from `../react-native/third-party-podspecs/glog.podspec`)
  - OCMock (~> 3.9.1)
  - RCT-Folly (from `../react-native/third-party-podspecs/RCT-Folly.podspec`)
  - RCTRequired (from `../react-native/Libraries/RCTRequired`)
  - RCTTypeSafety (from `../react-native/Libraries/TypeSafety`)
  - React (from `../react-native/`)
  - React-callinvoker (from `../react-native/ReactCommon/callinvoker`)
  - React-Codegen (from `build/generated/ios`)
  - React-Core (from `../react-native/`)
  - React-Core/RCTWebSocket (from `../react-native/`)
  - React-CoreModules (from `../react-native/React/CoreModules`)
  - React-cxxreact (from `../react-native/ReactCommon/cxxreact`)
  - React-debug (from `../react-native/ReactCommon/react/debug`)
  - React-jsc (from `../react-native/ReactCommon/jsc`)
  - React-jsi (from `../react-native/ReactCommon/jsi`)
  - React-jsiexecutor (from `../react-native/ReactCommon/jsiexecutor`)
  - React-jsinspector (from `../react-native/ReactCommon/jsinspector`)
  - React-logger (from `../react-native/ReactCommon/logger`)
  - React-NativeModulesApple (from `../react-native/ReactCommon/react/nativemodule/core/platform/ios`)
  - React-perflogger (from `../react-native/ReactCommon/reactperflogger`)
  - React-RCTActionSheet (from `../react-native/Libraries/ActionSheetIOS`)
  - React-RCTAnimation (from `../react-native/Libraries/NativeAnimation`)
  - React-RCTAppDelegate (from `../react-native/Libraries/AppDelegate`)
  - React-RCTBlob (from `../react-native/Libraries/Blob`)
  - React-RCTImage (from `../react-native/Libraries/Image`)
  - React-RCTLinking (from `../react-native/Libraries/LinkingIOS`)
  - React-RCTNetwork (from `../react-native/Libraries/Network`)
  - React-RCTPushNotification (from `../react-native/Libraries/PushNotificationIOS`)
  - React-RCTSettings (from `../react-native/Libraries/Settings`)
  - React-RCTTest (from `./RCTTest`)
  - React-RCTText (from `../react-native/Libraries/Text`)
  - React-RCTVibration (from `../react-native/Libraries/Vibration`)
  - React-rncore (from `../react-native/ReactCommon`)
  - React-runtimeexecutor (from `../react-native/ReactCommon/runtimeexecutor`)
  - React-runtimescheduler (from `../react-native/ReactCommon/react/renderer/runtimescheduler`)
  - React-utils (from `../react-native/ReactCommon/react/utils`)
  - ReactCommon-Samples (from `../react-native/ReactCommon/react/nativemodule/samples`)
  - ReactCommon/turbomodule/core (from `../react-native/ReactCommon`)
  - ScreenshotManager (from `NativeModuleExample`)
  - SocketRocket (from `../react-native/third-party-podspecs/SocketRocket.podspec`)
  - Yoga (from `../react-native/ReactCommon/yoga`)

SPEC REPOS:
  trunk:
    - OCMock

EXTERNAL SOURCES:
  boost:
    :podspec: "../react-native/third-party-podspecs/boost.podspec"
  DoubleConversion:
    :podspec: "../react-native/third-party-podspecs/DoubleConversion.podspec"
  FBLazyVector:
    :path: "../react-native/Libraries/FBLazyVector"
  FBReactNativeSpec:
    :path: "../react-native/React/FBReactNativeSpec"
  fmt:
    :podspec: "../react-native/third-party-podspecs/fmt.podspec"
  glog:
    :podspec: "../react-native/third-party-podspecs/glog.podspec"
  RCT-Folly:
    :podspec: "../react-native/third-party-podspecs/RCT-Folly.podspec"
  RCTRequired:
    :path: "../react-native/Libraries/RCTRequired"
  RCTTypeSafety:
    :path: "../react-native/Libraries/TypeSafety"
  React:
    :path: "../react-native/"
  React-callinvoker:
    :path: "../react-native/ReactCommon/callinvoker"
  React-Codegen:
    :path: build/generated/ios
  React-Core:
    :path: "../react-native/"
  React-CoreModules:
    :path: "../react-native/React/CoreModules"
  React-cxxreact:
    :path: "../react-native/ReactCommon/cxxreact"
  React-debug:
    :path: "../react-native/ReactCommon/react/debug"
  React-jsc:
    :path: "../react-native/ReactCommon/jsc"
  React-jsi:
    :path: "../react-native/ReactCommon/jsi"
  React-jsiexecutor:
    :path: "../react-native/ReactCommon/jsiexecutor"
  React-jsinspector:
    :path: "../react-native/ReactCommon/jsinspector"
  React-logger:
    :path: "../react-native/ReactCommon/logger"
  React-NativeModulesApple:
    :path: "../react-native/ReactCommon/react/nativemodule/core/platform/ios"
  React-perflogger:
    :path: "../react-native/ReactCommon/reactperflogger"
  React-RCTActionSheet:
    :path: "../react-native/Libraries/ActionSheetIOS"
  React-RCTAnimation:
    :path: "../react-native/Libraries/NativeAnimation"
  React-RCTAppDelegate:
    :path: "../react-native/Libraries/AppDelegate"
  React-RCTBlob:
    :path: "../react-native/Libraries/Blob"
  React-RCTImage:
    :path: "../react-native/Libraries/Image"
  React-RCTLinking:
    :path: "../react-native/Libraries/LinkingIOS"
  React-RCTNetwork:
    :path: "../react-native/Libraries/Network"
  React-RCTPushNotification:
    :path: "../react-native/Libraries/PushNotificationIOS"
  React-RCTSettings:
    :path: "../react-native/Libraries/Settings"
  React-RCTTest:
    :path: "./RCTTest"
  React-RCTText:
    :path: "../react-native/Libraries/Text"
  React-RCTVibration:
    :path: "../react-native/Libraries/Vibration"
  React-rncore:
    :path: "../react-native/ReactCommon"
  React-runtimeexecutor:
    :path: "../react-native/ReactCommon/runtimeexecutor"
  React-runtimescheduler:
    :path: "../react-native/ReactCommon/react/renderer/runtimescheduler"
  React-utils:
    :path: "../react-native/ReactCommon/react/utils"
  ReactCommon:
    :path: "../react-native/ReactCommon"
  ReactCommon-Samples:
    :path: "../react-native/ReactCommon/react/nativemodule/samples"
  ScreenshotManager:
    :path: NativeModuleExample
  SocketRocket:
    :podspec: "../react-native/third-party-podspecs/SocketRocket.podspec"
  Yoga:
    :path: "../react-native/ReactCommon/yoga"

SPEC CHECKSUMS:
  boost: dd6670278a62b2597c8aa78da360a2b25563e3f8
  DoubleConversion: b27dc0920d7399c3d0135ef9089b1dc4d0403a2a
  FBLazyVector: fc88cfea9d4d241083d27327b242c6c20e963d07
  FBReactNativeSpec: 628dd3aff7095f35c6c8f37c5e0a6f22e3545207
  fmt: c62421983dfc7fa3d78183aad21a532cb344a337
  glog: 48990dc5c7733bd923abbd8f3acf1f4e0df9e1c8
  OCMock: 300b1b1b9155cb6378660b981c2557448830bdc6
  RCT-Folly: 587ebd9331504e20f18b57cf87d848a14a6292f9
  RCTRequired: 4eb7772d4c62bdffca298518e51b01b00d3461f3
  RCTTypeSafety: 5e157e665570753ff9f313cff4e86f801d900247
  React: a6b51846840f98db0bd58a4af3198a9c764135b4
  React-callinvoker: a1813773a4ab7a0b9a27d3028aeb8208f7df5a09
  React-Codegen: 6e69b6d61f2a5e6136312bd738407fab87842930
  React-Core: 31fff4381559c86774dbc195cd5b2572ca15ed47
  React-CoreModules: 9dc30775e256aeb350c47755d67a264093ff2a89
  React-cxxreact: b91cc8dd4936165e9c10d4e6f003995b71bc483e
  React-debug: 1251792ee795d0ffd1af1e7d11f2d263d4a71547
  React-jsc: d97bd1564927dc83a0b25ebbf5899c5b24261db1
  React-jsi: abe09d7cc6a065bdc48fed7b7a5311c321fb3436
  React-jsiexecutor: d865ca43976d2d22309ccdc9704d0a2f474b8609
  React-jsinspector: 9ed0a8363eefc3e84466fe86c5e512c0e3a5daaa
  React-logger: 63c42a0771b38e62939e69799f32675f93842cba
  React-NativeModulesApple: 9955354e1b058ad0726569fe2353a71259b720dc
  React-perflogger: a2af70e466f0a18b666aad9ec371eae309083738
  React-RCTActionSheet: ec777a2326c9f58b766e3b694dc9120906aa5c04
  React-RCTAnimation: bc986aeaa58c609e56cbddd805ea73c36284b2d5
  React-RCTAppDelegate: c3e8d871b9c7f7b170b55fbfe164e68b4031b9b3
  React-RCTBlob: ae68f0aaf3c564df91829ab45cd9147c615f5c0d
  React-RCTImage: ac54b28e7c81002dd1316670e5d516b898d6a046
  React-RCTLinking: ddc95fd6dfd77d6ae1de19eb03e956ed1bb8f4c9
  React-RCTNetwork: 4b593ff28004e9f74c34c3965f286438109cb6c1
  React-RCTPushNotification: d553aab5c3258607ff7c8f95e9acc2248d7d1aee
  React-RCTSettings: 4ddc8adc9e1a7795ea64c94f2229e33d3b9af88e
  React-RCTTest: 14807869708e9319751bd35419d472e7ffdaf5bb
  React-RCTText: 363ab4ab809924150c3b1379e7ca09260ea9f02b
  React-RCTVibration: 21b37ee8a0568be8c3b9fb7a88706d3421dcc276
  React-rncore: 3a94f2c0ea38b74222b8c5de7f82cb5018b34fbe
  React-runtimeexecutor: cf2c3089e648ea3708fa7ee71d3ccd647870040d
  React-runtimescheduler: c253b51e6a7926f42762e6054a2ddb569cf869e1
  React-utils: 2db40535c84ca097c22fe5a202935773cdf42cd7
  ReactCommon: 7f49ec69518514ee8920d491f252da1e6cb64a65
  ReactCommon-Samples: 70609635d486a0df5debacb2ac54b35555bd130b
  ScreenshotManager: ecbac137e88dd9491e93ecbd78d342361b08ed20
  SocketRocket: ffef1e643b17817e1ab75f76928e68f8e6d6a3ce
  Yoga: a791fc432c9201c699efc5ab23dbf02c03b4c48c

PODFILE CHECKSUM: a99d6ed17dc354f4be50fde10887b6813916606b

COCOAPODS: 1.15.2
