PODS:
  - boost-for-react-native (1.63.0)
  - DoubleConversion (1.1.6)
  - FBLazyVector (0.61.14)
  - FBReactNativeSpec (0.61.14):
    - Folly (= 2018.10.22.00)
    - RCTRequired (= 0.61.14)
    - RCTTypeSafety (= 0.61.14)
    - React-Core (= 0.61.14)
    - React-jsi (= 0.61.14)
    - ReactCommon/turbomodule/core (= 0.61.14)
  - Folly (2018.10.22.00):
    - boost-for-react-native
    - DoubleConversion
    - Folly/Default (= 2018.10.22.00)
    - glog
  - Folly/Default (2018.10.22.00):
    - boost-for-react-native
    - DoubleConversion
    - glog
  - glog (0.3.5)
  - RCTRequired (0.61.14)
  - RCTTypeSafety (0.61.14):
    - FBLazyVector (= 0.61.14)
    - Folly (= 2018.10.22.00)
    - RCTRequired (= 0.61.14)
    - React-Core (= 0.61.14)
  - React (0.61.14):
    - React-Core (= 0.61.14)
    - React-Core/DevSupport (= 0.61.14)
    - React-Core/RCTWebSocket (= 0.61.14)
    - React-RCTActionSheet (= 0.61.14)
    - React-RCTAnimation (= 0.61.14)
    - React-RCTBlob (= 0.61.14)
    - React-RCTImage (= 0.61.14)
    - React-RCTLinking (= 0.61.14)
    - React-RCTNetwork (= 0.61.14)
    - React-RCTSettings (= 0.61.14)
    - React-RCTText (= 0.61.14)
    - React-RCTVibration (= 0.61.14)
  - React-ART (0.61.14):
    - React-Core/ARTHeaders (= 0.61.14)
  - React-Core (0.61.14):
    - Folly (= 2018.10.22.00)
    - glog
    - React-Core/Default (= 0.61.14)
    - React-cxxreact (= 0.61.14)
    - React-jsi (= 0.61.14)
    - React-jsiexecutor (= 0.61.14)
    - Yoga
  - React-Core/ARTHeaders (0.61.14):
    - Folly (= 2018.10.22.00)
    - glog
    - React-Core/Default
    - React-cxxreact (= 0.61.14)
    - React-jsi (= 0.61.14)
    - React-jsiexecutor (= 0.61.14)
    - Yoga
  - React-Core/CoreModulesHeaders (0.61.14):
    - Folly (= 2018.10.22.00)
    - glog
    - React-Core/Default
    - React-cxxreact (= 0.61.14)
    - React-jsi (= 0.61.14)
    - React-jsiexecutor (= 0.61.14)
    - Yoga
  - React-Core/Default (0.61.14):
    - Folly (= 2018.10.22.00)
    - glog
    - React-cxxreact (= 0.61.14)
    - React-jsi (= 0.61.14)
    - React-jsiexecutor (= 0.61.14)
    - Yoga
  - React-Core/DevSupport (0.61.14):
    - Folly (= 2018.10.22.00)
    - glog
    - React-Core/Default (= 0.61.14)
    - React-Core/RCTWebSocket (= 0.61.14)
    - React-cxxreact (= 0.61.14)
    - React-jsi (= 0.61.14)
    - React-jsiexecutor (= 0.61.14)
    - React-jsinspector (= 0.61.14)
    - Yoga
  - React-Core/RCTActionSheetHeaders (0.61.14):
    - Folly (= 2018.10.22.00)
    - glog
    - React-Core/Default
    - React-cxxreact (= 0.61.14)
    - React-jsi (= 0.61.14)
    - React-jsiexecutor (= 0.61.14)
    - Yoga
  - React-Core/RCTAnimationHeaders (0.61.14):
    - Folly (= 2018.10.22.00)
    - glog
    - React-Core/Default
    - React-cxxreact (= 0.61.14)
    - React-jsi (= 0.61.14)
    - React-jsiexecutor (= 0.61.14)
    - Yoga
  - React-Core/RCTBlobHeaders (0.61.14):
    - Folly (= 2018.10.22.00)
    - glog
    - React-Core/Default
    - React-cxxreact (= 0.61.14)
    - React-jsi (= 0.61.14)
    - React-jsiexecutor (= 0.61.14)
    - Yoga
  - React-Core/RCTImageHeaders (0.61.14):
    - Folly (= 2018.10.22.00)
    - glog
    - React-Core/Default
    - React-cxxreact (= 0.61.14)
    - React-jsi (= 0.61.14)
    - React-jsiexecutor (= 0.61.14)
    - Yoga
  - React-Core/RCTLinkingHeaders (0.61.14):
    - Folly (= 2018.10.22.00)
    - glog
    - React-Core/Default
    - React-cxxreact (= 0.61.14)
    - React-jsi (= 0.61.14)
    - React-jsiexecutor (= 0.61.14)
    - Yoga
  - React-Core/RCTNetworkHeaders (0.61.14):
    - Folly (= 2018.10.22.00)
    - glog
    - React-Core/Default
    - React-cxxreact (= 0.61.14)
    - React-jsi (= 0.61.14)
    - React-jsiexecutor (= 0.61.14)
    - Yoga
  - React-Core/RCTPushNotificationHeaders (0.61.14):
    - Folly (= 2018.10.22.00)
    - glog
    - React-Core/Default
    - React-cxxreact (= 0.61.14)
    - React-jsi (= 0.61.14)
    - React-jsiexecutor (= 0.61.14)
    - Yoga
  - React-Core/RCTSettingsHeaders (0.61.14):
    - Folly (= 2018.10.22.00)
    - glog
    - React-Core/Default
    - React-cxxreact (= 0.61.14)
    - React-jsi (= 0.61.14)
    - React-jsiexecutor (= 0.61.14)
    - Yoga
  - React-Core/RCTTextHeaders (0.61.14):
    - Folly (= 2018.10.22.00)
    - glog
    - React-Core/Default
    - React-cxxreact (= 0.61.14)
    - React-jsi (= 0.61.14)
    - React-jsiexecutor (= 0.61.14)
    - Yoga
  - React-Core/RCTVibrationHeaders (0.61.14):
    - Folly (= 2018.10.22.00)
    - glog
    - React-Core/Default
    - React-cxxreact (= 0.61.14)
    - React-jsi (= 0.61.14)
    - React-jsiexecutor (= 0.61.14)
    - Yoga
  - React-Core/RCTWebSocket (0.61.14):
    - Folly (= 2018.10.22.00)
    - glog
    - React-Core/Default (= 0.61.14)
    - React-cxxreact (= 0.61.14)
    - React-jsi (= 0.61.14)
    - React-jsiexecutor (= 0.61.14)
    - Yoga
  - React-CoreModules (0.61.14):
    - FBReactNativeSpec (= 0.61.14)
    - Folly (= 2018.10.22.00)
    - RCTTypeSafety (= 0.61.14)
    - React-Core/CoreModulesHeaders (= 0.61.14)
    - React-RCTImage (= 0.61.14)
    - ReactCommon/turbomodule/core (= 0.61.14)
  - React-cxxreact (0.61.14):
    - boost-for-react-native (= 1.63.0)
    - DoubleConversion
    - Folly (= 2018.10.22.00)
    - glog
    - React-jsinspector (= 0.61.14)
  - React-jsi (0.61.14):
    - boost-for-react-native (= 1.63.0)
    - DoubleConversion
    - Folly (= 2018.10.22.00)
    - glog
    - React-jsi/Default (= 0.61.14)
  - React-jsi/Default (0.61.14):
    - boost-for-react-native (= 1.63.0)
    - DoubleConversion
    - Folly (= 2018.10.22.00)
    - glog
  - React-jsiexecutor (0.61.14):
    - DoubleConversion
    - Folly (= 2018.10.22.00)
    - glog
    - React-cxxreact (= 0.61.14)
    - React-jsi (= 0.61.14)
  - React-jsinspector (0.61.14)
  - React-RCTActionSheet (0.61.14):
    - React-Core/RCTActionSheetHeaders (= 0.61.14)
  - React-RCTAnimation (0.61.14):
    - React-Core/RCTAnimationHeaders (= 0.61.14)
  - React-RCTBlob (0.61.14):
    - React-Core/RCTBlobHeaders (= 0.61.14)
    - React-Core/RCTWebSocket (= 0.61.14)
    - React-jsi (= 0.61.14)
    - React-RCTNetwork (= 0.61.14)
  - React-RCTImage (0.61.14):
    - React-Core/RCTImageHeaders (= 0.61.14)
    - React-RCTNetwork (= 0.61.14)
  - React-RCTLinking (0.61.14):
    - React-Core/RCTLinkingHeaders (= 0.61.14)
  - React-RCTNetwork (0.61.14):
    - React-Core/RCTNetworkHeaders (= 0.61.14)
  - React-RCTPushNotification (0.61.14):
    - React-Core/RCTPushNotificationHeaders (= 0.61.14)
  - React-RCTSettings (0.61.14):
    - React-Core/RCTSettingsHeaders (= 0.61.14)
  - React-RCTTest (0.61.14):
    - React-Core (= 0.61.14)
  - React-RCTText (0.61.14):
    - React-Core/RCTTextHeaders (= 0.61.14)
  - React-RCTVibration (0.61.14):
    - React-Core/RCTVibrationHeaders (= 0.61.14)
  - ReactCommon/jscallinvoker (0.61.14):
    - DoubleConversion
    - Folly (= 2018.10.22.00)
    - glog
    - React-cxxreact (= 0.61.14)
  - ReactCommon/turbomodule/core (0.61.14):
    - DoubleConversion
    - Folly (= 2018.10.22.00)
    - glog
    - React-Core (= 0.61.14)
    - React-cxxreact (= 0.61.14)
    - React-jsi (= 0.61.14)
    - ReactCommon/jscallinvoker (= 0.61.14)
  - ReactCommon/turbomodule/samples (0.61.14):
    - DoubleConversion
    - Folly (= 2018.10.22.00)
    - glog
    - React-Core (= 0.61.14)
    - React-cxxreact (= 0.61.14)
    - React-jsi (= 0.61.14)
    - ReactCommon/jscallinvoker (= 0.61.14)
    - ReactCommon/turbomodule/core (= 0.61.14)
  - Yoga (1.14.0)

DEPENDENCIES:
  - boost-for-react-native (from `../third-party-podspecs/boost-for-react-native.podspec`)
  - DoubleConversion (from `../third-party-podspecs/DoubleConversion.podspec`)
  - FBLazyVector (from `../Libraries/FBLazyVector`)
  - FBReactNativeSpec (from `../Libraries/FBReactNativeSpec`)
  - Folly (from `../third-party-podspecs/Folly.podspec`)
  - glog (from `../third-party-podspecs/glog.podspec`)
  - RCTRequired (from `../Libraries/RCTRequired`)
  - RCTTypeSafety (from `../Libraries/TypeSafety`)
  - React (from `../`)
  - React-ART (from `../Libraries/ART`)
  - React-Core (from `../`)
  - React-Core/DevSupport (from `../`)
  - React-Core/RCTWebSocket (from `../`)
  - React-CoreModules (from `../React/CoreModules`)
  - React-cxxreact (from `../ReactCommon/cxxreact`)
  - React-jsi (from `../ReactCommon/jsi`)
  - React-jsiexecutor (from `../ReactCommon/jsiexecutor`)
  - React-jsinspector (from `../ReactCommon/jsinspector`)
  - React-RCTActionSheet (from `../Libraries/ActionSheetIOS`)
  - React-RCTAnimation (from `../Libraries/NativeAnimation`)
  - React-RCTBlob (from `../Libraries/Blob`)
  - React-RCTImage (from `../Libraries/Image`)
  - React-RCTLinking (from `../Libraries/LinkingIOS`)
  - React-RCTNetwork (from `../Libraries/Network`)
  - React-RCTPushNotification (from `../Libraries/PushNotificationIOS`)
  - React-RCTSettings (from `../Libraries/Settings`)
  - React-RCTTest (from `RCTTest`)
  - React-RCTText (from `../Libraries/Text`)
  - React-RCTVibration (from `../Libraries/Vibration`)
  - ReactCommon/jscallinvoker (from `../ReactCommon`)
  - ReactCommon/turbomodule/core (from `../ReactCommon`)
  - ReactCommon/turbomodule/samples (from `../ReactCommon`)
  - Yoga (from `../ReactCommon/yoga`)

EXTERNAL SOURCES:
  boost-for-react-native:
    :podspec: "../third-party-podspecs/boost-for-react-native.podspec"
  DoubleConversion:
    :podspec: "../third-party-podspecs/DoubleConversion.podspec"
  FBLazyVector:
    :path: "../Libraries/FBLazyVector"
  FBReactNativeSpec:
    :path: "../Libraries/FBReactNativeSpec"
  Folly:
    :podspec: "../third-party-podspecs/Folly.podspec"
  glog:
    :podspec: "../third-party-podspecs/glog.podspec"
  RCTRequired:
    :path: "../Libraries/RCTRequired"
  RCTTypeSafety:
    :path: "../Libraries/TypeSafety"
  React:
    :path: "../"
  React-ART:
    :path: "../Libraries/ART"
  React-Core:
    :path: "../"
  React-CoreModules:
    :path: "../React/CoreModules"
  React-cxxreact:
    :path: "../ReactCommon/cxxreact"
  React-jsi:
    :path: "../ReactCommon/jsi"
  React-jsiexecutor:
    :path: "../ReactCommon/jsiexecutor"
  React-jsinspector:
    :path: "../ReactCommon/jsinspector"
  React-RCTActionSheet:
    :path: "../Libraries/ActionSheetIOS"
  React-RCTAnimation:
    :path: "../Libraries/NativeAnimation"
  React-RCTBlob:
    :path: "../Libraries/Blob"
  React-RCTImage:
    :path: "../Libraries/Image"
  React-RCTLinking:
    :path: "../Libraries/LinkingIOS"
  React-RCTNetwork:
    :path: "../Libraries/Network"
  React-RCTPushNotification:
    :path: "../Libraries/PushNotificationIOS"
  React-RCTSettings:
    :path: "../Libraries/Settings"
  React-RCTTest:
    :path: RCTTest
  React-RCTText:
    :path: "../Libraries/Text"
  React-RCTVibration:
    :path: "../Libraries/Vibration"
  ReactCommon:
    :path: "../ReactCommon"
  Yoga:
    :path: "../ReactCommon/yoga"

SPEC CHECKSUMS:
  boost-for-react-native: a110407d9db2642fd2e1bcd7c5a51c81f2521dc9
  DoubleConversion: a1bc12a74baa397a2609e0f10e19b8062d864053
  FBLazyVector: 074863cf659c562335dddf0661f58dc1ea972899
  FBReactNativeSpec: 9ad70d146365ad0a1b04c4b6ca581d93a88b1dca
  Folly: feff29ba9d0b7c2e4f793a94942831d6cc5bbad7
  glog: b3f6d74f3e2d33396addc0ee724d2b2b79fc3e00
  RCTRequired: ddadadbe962b41ea613303f2e93bf7e3e725e604
  RCTTypeSafety: 21cd8a424ffd093de432a0bf9fffc416164cd26a
  React: ffe187a34126630e66c0c148a6ccec9a248f4610
  React-ART: 93a19bdcb0b36896830680b7fd4fa8ffce011bd7
  React-Core: 09a060d0c93da451f5729d70595ceadeb055142e
  React-CoreModules: 944dce5528f0bc571823d1641d47453dcf32e272
  React-cxxreact: 9db49fbbffbe70305d691342937bafb08f82fe69
  React-jsi: 3f811e68b6d835250c9df3645dd16d0a2648918c
  React-jsiexecutor: ae53ff5cd847c0feda71a68567890a6051e04fc0
  React-jsinspector: 0061d6b7674e593afa4c5249a1c61cab8073d47c
  React-RCTActionSheet: f584011978341f17d1d70740f829442444630c30
  React-RCTAnimation: cf27870c8c9d99e1ee6cef1125e6d2b464ba381d
  React-RCTBlob: c8207191dcbe963eb22122b0b742d3679fd4528e
  React-RCTImage: b7921bd9f086b9c2d82f604b5d7bf970ff1edf6e
  React-RCTLinking: 03f14c2f4e5e95a272a275f5f78f4af77ddb59f4
  React-RCTNetwork: 14e45de0fa4c82b587461671591938962ab9ef79
  React-RCTPushNotification: bc9d72bb5bb7509c35758099514770b3a58ce93f
  React-RCTSettings: aba3e5b76a54d1bf6334eb3c44848e2661fc2028
  React-RCTTest: 795ff4bc81d1d75af46a9b35a1af25a75c469edc
  React-RCTText: 04c8635c499506bc6fa8fee596e67bc0fadea10a
  React-RCTVibration: 74cc44a83bf4ca15d373a0512d0f6f033e0a18d7
  ReactCommon: 9e0da55bef5b3d0d208350a067ef7c5804e1b978
  Yoga: 63db2b17280db2f529b0cdb238ac4d4be0c6a6ca

PODFILE CHECKSUM: 9700701e8fafb7f0c0bee62e69a7b8bc564518f3

COCOAPODS: 1.8.4
