PODS:
  - boost-for-react-native (1.63.0)
  - CocoaAsyncSocket (7.6.4)
  - CocoaLibEvent (1.0.0)
  - DoubleConversion (1.1.6)
  - FBLazyVector (1000.0.0)
  - FBReactNativeSpec (1000.0.0):
    - RCT-Folly (= 2020.01.13.00)
    - RCTRequired (= 1000.0.0)
    - RCTTypeSafety (= 1000.0.0)
    - React-Core (= 1000.0.0)
    - React-jsi (= 1000.0.0)
    - ReactCommon/turbomodule/core (= 1000.0.0)
  - Flipper (0.54.0):
    - Flipper-Folly (~> 2.2)
    - Flipper-RSocket (~> 1.1)
  - Flipper-DoubleConversion (1.1.7)
  - Flipper-Folly (2.2.0):
    - boost-for-react-native
    - CocoaLibEvent (~> 1.0)
    - Flipper-DoubleConversion
    - Flipper-Glog
    - OpenSSL-Universal (= 1.0.2.19)
  - Flipper-Glog (0.3.6)
  - Flipper-PeerTalk (0.0.4)
  - Flipper-RSocket (1.1.0):
    - Flipper-Folly (~> 2.2)
  - FlipperKit (0.54.0):
    - FlipperKit/Core (= 0.54.0)
  - FlipperKit/Core (0.54.0):
    - Flipper (~> 0.54.0)
    - FlipperKit/CppBridge
    - FlipperKit/FBCxxFollyDynamicConvert
    - FlipperKit/FBDefines
    - FlipperKit/FKPortForwarding
  - FlipperKit/CppBridge (0.54.0):
    - Flipper (~> 0.54.0)
  - FlipperKit/FBCxxFollyDynamicConvert (0.54.0):
    - Flipper-Folly (~> 2.2)
  - FlipperKit/FBDefines (0.54.0)
  - FlipperKit/FKPortForwarding (0.54.0):
    - CocoaAsyncSocket (~> 7.6)
    - Flipper-PeerTalk (~> 0.0.4)
  - FlipperKit/FlipperKitHighlightOverlay (0.54.0)
  - FlipperKit/FlipperKitLayoutPlugin (0.54.0):
    - FlipperKit/Core
    - FlipperKit/FlipperKitHighlightOverlay
    - FlipperKit/FlipperKitLayoutTextSearchable
    - YogaKit (~> 1.18)
  - FlipperKit/FlipperKitLayoutTextSearchable (0.54.0)
  - FlipperKit/FlipperKitNetworkPlugin (0.54.0):
    - FlipperKit/Core
  - FlipperKit/FlipperKitReactPlugin (0.54.0):
    - FlipperKit/Core
  - FlipperKit/FlipperKitUserDefaultsPlugin (0.54.0):
    - FlipperKit/Core
  - FlipperKit/SKIOSNetworkPlugin (0.54.0):
    - FlipperKit/Core
    - FlipperKit/FlipperKitNetworkPlugin
  - glog (0.3.5)
  - hermes (0.5.1)
  - libevent (2.1.11):
    - libevent/core (= 2.1.11)
  - libevent/core (2.1.11):
    - libevent/event2-headers
  - libevent/event2-headers (2.1.11)
  - OpenSSL-Universal (1.0.2.19):
    - OpenSSL-Universal/Static (= 1.0.2.19)
  - OpenSSL-Universal/Static (1.0.2.19)
  - RCT-Folly (2020.01.13.00):
    - boost-for-react-native
    - DoubleConversion
    - glog
    - RCT-Folly/Default (= 2020.01.13.00)
  - RCT-Folly/Default (2020.01.13.00):
    - boost-for-react-native
    - DoubleConversion
    - glog
  - RCT-Folly/Futures (2020.01.13.00):
    - boost-for-react-native
    - DoubleConversion
    - glog
    - libevent
  - RCTRequired (1000.0.0)
  - RCTTypeSafety (1000.0.0):
    - FBLazyVector (= 1000.0.0)
    - RCT-Folly (= 2020.01.13.00)
    - RCTRequired (= 1000.0.0)
    - React-Core (= 1000.0.0)
  - React (1000.0.0):
    - React-Core (= 1000.0.0)
    - React-Core/DevSupport (= 1000.0.0)
    - React-Core/RCTWebSocket (= 1000.0.0)
    - React-RCTActionSheet (= 1000.0.0)
    - React-RCTAnimation (= 1000.0.0)
    - React-RCTBlob (= 1000.0.0)
    - React-RCTImage (= 1000.0.0)
    - React-RCTLinking (= 1000.0.0)
    - React-RCTNetwork (= 1000.0.0)
    - React-RCTSettings (= 1000.0.0)
    - React-RCTText (= 1000.0.0)
    - React-RCTVibration (= 1000.0.0)
  - React-ART (1000.0.0):
    - React-Core/ARTHeaders (= 1000.0.0)
  - React-callinvoker (1000.0.0)
  - React-Core (1000.0.0):
    - glog
    - RCT-Folly (= 2020.01.13.00)
    - React-Core/Default (= 1000.0.0)
    - React-cxxreact (= 1000.0.0)
    - React-jsi (= 1000.0.0)
    - React-jsiexecutor (= 1000.0.0)
    - Yoga
  - React-Core/ARTHeaders (1000.0.0):
    - glog
    - RCT-Folly (= 2020.01.13.00)
    - React-Core/Default
    - React-cxxreact (= 1000.0.0)
    - React-jsi (= 1000.0.0)
    - React-jsiexecutor (= 1000.0.0)
    - Yoga
  - React-Core/CoreModulesHeaders (1000.0.0):
    - glog
    - RCT-Folly (= 2020.01.13.00)
    - React-Core/Default
    - React-cxxreact (= 1000.0.0)
    - React-jsi (= 1000.0.0)
    - React-jsiexecutor (= 1000.0.0)
    - Yoga
  - React-Core/Default (1000.0.0):
    - glog
    - RCT-Folly (= 2020.01.13.00)
    - React-cxxreact (= 1000.0.0)
    - React-jsi (= 1000.0.0)
    - React-jsiexecutor (= 1000.0.0)
    - Yoga
  - React-Core/DevSupport (1000.0.0):
    - glog
    - RCT-Folly (= 2020.01.13.00)
    - React-Core/Default (= 1000.0.0)
    - React-Core/RCTWebSocket (= 1000.0.0)
    - React-cxxreact (= 1000.0.0)
    - React-jsi (= 1000.0.0)
    - React-jsiexecutor (= 1000.0.0)
    - React-jsinspector (= 1000.0.0)
    - Yoga
  - React-Core/Hermes (1000.0.0):
    - glog
    - hermes (~> 0.5.0)
    - RCT-Folly (= 2020.01.13.00)
    - RCT-Folly/Futures
    - React-cxxreact (= 1000.0.0)
    - React-jsi (= 1000.0.0)
    - React-jsiexecutor (= 1000.0.0)
    - Yoga
  - React-Core/RCTActionSheetHeaders (1000.0.0):
    - glog
    - RCT-Folly (= 2020.01.13.00)
    - React-Core/Default
    - React-cxxreact (= 1000.0.0)
    - React-jsi (= 1000.0.0)
    - React-jsiexecutor (= 1000.0.0)
    - Yoga
  - React-Core/RCTAnimationHeaders (1000.0.0):
    - glog
    - RCT-Folly (= 2020.01.13.00)
    - React-Core/Default
    - React-cxxreact (= 1000.0.0)
    - React-jsi (= 1000.0.0)
    - React-jsiexecutor (= 1000.0.0)
    - Yoga
  - React-Core/RCTBlobHeaders (1000.0.0):
    - glog
    - RCT-Folly (= 2020.01.13.00)
    - React-Core/Default
    - React-cxxreact (= 1000.0.0)
    - React-jsi (= 1000.0.0)
    - React-jsiexecutor (= 1000.0.0)
    - Yoga
  - React-Core/RCTImageHeaders (1000.0.0):
    - glog
    - RCT-Folly (= 2020.01.13.00)
    - React-Core/Default
    - React-cxxreact (= 1000.0.0)
    - React-jsi (= 1000.0.0)
    - React-jsiexecutor (= 1000.0.0)
    - Yoga
  - React-Core/RCTLinkingHeaders (1000.0.0):
    - glog
    - RCT-Folly (= 2020.01.13.00)
    - React-Core/Default
    - React-cxxreact (= 1000.0.0)
    - React-jsi (= 1000.0.0)
    - React-jsiexecutor (= 1000.0.0)
    - Yoga
  - React-Core/RCTNetworkHeaders (1000.0.0):
    - glog
    - RCT-Folly (= 2020.01.13.00)
    - React-Core/Default
    - React-cxxreact (= 1000.0.0)
    - React-jsi (= 1000.0.0)
    - React-jsiexecutor (= 1000.0.0)
    - Yoga
  - React-Core/RCTPushNotificationHeaders (1000.0.0):
    - glog
    - RCT-Folly (= 2020.01.13.00)
    - React-Core/Default
    - React-cxxreact (= 1000.0.0)
    - React-jsi (= 1000.0.0)
    - React-jsiexecutor (= 1000.0.0)
    - Yoga
  - React-Core/RCTSettingsHeaders (1000.0.0):
    - glog
    - RCT-Folly (= 2020.01.13.00)
    - React-Core/Default
    - React-cxxreact (= 1000.0.0)
    - React-jsi (= 1000.0.0)
    - React-jsiexecutor (= 1000.0.0)
    - Yoga
  - React-Core/RCTTextHeaders (1000.0.0):
    - glog
    - RCT-Folly (= 2020.01.13.00)
    - React-Core/Default
    - React-cxxreact (= 1000.0.0)
    - React-jsi (= 1000.0.0)
    - React-jsiexecutor (= 1000.0.0)
    - Yoga
  - React-Core/RCTVibrationHeaders (1000.0.0):
    - glog
    - RCT-Folly (= 2020.01.13.00)
    - React-Core/Default
    - React-cxxreact (= 1000.0.0)
    - React-jsi (= 1000.0.0)
    - React-jsiexecutor (= 1000.0.0)
    - Yoga
  - React-Core/RCTWebSocket (1000.0.0):
    - glog
    - RCT-Folly (= 2020.01.13.00)
    - React-Core/Default (= 1000.0.0)
    - React-cxxreact (= 1000.0.0)
    - React-jsi (= 1000.0.0)
    - React-jsiexecutor (= 1000.0.0)
    - Yoga
  - React-CoreModules (1000.0.0):
    - FBReactNativeSpec (= 1000.0.0)
    - RCT-Folly (= 2020.01.13.00)
    - RCTTypeSafety (= 1000.0.0)
    - React-Core/CoreModulesHeaders (= 1000.0.0)
    - React-jsi (= 1000.0.0)
    - React-RCTImage (= 1000.0.0)
    - ReactCommon/turbomodule/core (= 1000.0.0)
  - React-cxxreact (1000.0.0):
    - boost-for-react-native (= 1.63.0)
    - DoubleConversion
    - glog
    - RCT-Folly (= 2020.01.13.00)
    - React-callinvoker (= 1000.0.0)
    - React-jsinspector (= 1000.0.0)
  - React-jsi (1000.0.0):
    - boost-for-react-native (= 1.63.0)
    - DoubleConversion
    - glog
    - RCT-Folly (= 2020.01.13.00)
    - React-jsi/Default (= 1000.0.0)
  - React-jsi/Default (1000.0.0):
    - boost-for-react-native (= 1.63.0)
    - DoubleConversion
    - glog
    - RCT-Folly (= 2020.01.13.00)
  - React-jsiexecutor (1000.0.0):
    - DoubleConversion
    - glog
    - RCT-Folly (= 2020.01.13.00)
    - React-cxxreact (= 1000.0.0)
    - React-jsi (= 1000.0.0)
  - React-jsinspector (1000.0.0)
  - React-RCTActionSheet (1000.0.0):
    - React-Core/RCTActionSheetHeaders (= 1000.0.0)
  - React-RCTAnimation (1000.0.0):
    - FBReactNativeSpec (= 1000.0.0)
    - RCT-Folly (= 2020.01.13.00)
    - RCTTypeSafety (= 1000.0.0)
    - React-Core/RCTAnimationHeaders (= 1000.0.0)
    - React-jsi (= 1000.0.0)
    - ReactCommon/turbomodule/core (= 1000.0.0)
  - React-RCTBlob (1000.0.0):
    - FBReactNativeSpec (= 1000.0.0)
    - RCT-Folly (= 2020.01.13.00)
    - React-Core/RCTBlobHeaders (= 1000.0.0)
    - React-Core/RCTWebSocket (= 1000.0.0)
    - React-jsi (= 1000.0.0)
    - React-RCTNetwork (= 1000.0.0)
    - ReactCommon/turbomodule/core (= 1000.0.0)
  - React-RCTImage (1000.0.0):
    - FBReactNativeSpec (= 1000.0.0)
    - RCT-Folly (= 2020.01.13.00)
    - RCTTypeSafety (= 1000.0.0)
    - React-Core/RCTImageHeaders (= 1000.0.0)
    - React-jsi (= 1000.0.0)
    - React-RCTNetwork (= 1000.0.0)
    - ReactCommon/turbomodule/core (= 1000.0.0)
  - React-RCTLinking (1000.0.0):
    - FBReactNativeSpec (= 1000.0.0)
    - React-Core/RCTLinkingHeaders (= 1000.0.0)
    - React-jsi (= 1000.0.0)
    - ReactCommon/turbomodule/core (= 1000.0.0)
  - React-RCTNetwork (1000.0.0):
    - FBReactNativeSpec (= 1000.0.0)
    - RCT-Folly (= 2020.01.13.00)
    - RCTTypeSafety (= 1000.0.0)
    - React-Core/RCTNetworkHeaders (= 1000.0.0)
    - React-jsi (= 1000.0.0)
    - ReactCommon/turbomodule/core (= 1000.0.0)
  - React-RCTPushNotification (1000.0.0):
    - FBReactNativeSpec (= 1000.0.0)
    - RCTTypeSafety (= 1000.0.0)
    - React-Core/RCTPushNotificationHeaders (= 1000.0.0)
    - React-jsi (= 1000.0.0)
    - ReactCommon/turbomodule/core (= 1000.0.0)
  - React-RCTSettings (1000.0.0):
    - FBReactNativeSpec (= 1000.0.0)
    - RCT-Folly (= 2020.01.13.00)
    - RCTTypeSafety (= 1000.0.0)
    - React-Core/RCTSettingsHeaders (= 1000.0.0)
    - React-jsi (= 1000.0.0)
    - ReactCommon/turbomodule/core (= 1000.0.0)
  - React-RCTTest (1000.0.0):
    - RCT-Folly (= 2020.01.13.00)
    - React-Core (= 1000.0.0)
    - React-CoreModules (= 1000.0.0)
    - React-jsi (= 1000.0.0)
    - ReactCommon/turbomodule/core (= 1000.0.0)
  - React-RCTText (1000.0.0):
    - React-Core/RCTTextHeaders (= 1000.0.0)
  - React-RCTVibration (1000.0.0):
    - FBReactNativeSpec (= 1000.0.0)
    - RCT-Folly (= 2020.01.13.00)
    - React-Core/RCTVibrationHeaders (= 1000.0.0)
    - React-jsi (= 1000.0.0)
    - ReactCommon/turbomodule/core (= 1000.0.0)
  - React-TurboModuleCxx-RNW (1000.0.0):
    - RCT-Folly (= 2020.01.13.00)
    - React-callinvoker (= 1000.0.0)
    - React-TurboModuleCxx-WinRTPort (= 1000.0.0)
    - ReactCommon/turbomodule/core (= 1000.0.0)
  - React-TurboModuleCxx-WinRTPort (1000.0.0):
    - React-TurboModuleCxx-WinRTPort/Shared (= 1000.0.0)
    - React-TurboModuleCxx-WinRTPort/WinRT (= 1000.0.0)
  - React-TurboModuleCxx-WinRTPort/Shared (1000.0.0)
  - React-TurboModuleCxx-WinRTPort/WinRT (1000.0.0):
    - RCT-Folly (= 2020.01.13.00)
    - React-callinvoker (= 1000.0.0)
    - React-TurboModuleCxx-WinRTPort/Shared (= 1000.0.0)
  - ReactCommon/turbomodule/core (1000.0.0):
    - DoubleConversion
    - glog
    - RCT-Folly (= 2020.01.13.00)
    - React-callinvoker (= 1000.0.0)
    - React-Core (= 1000.0.0)
    - React-cxxreact (= 1000.0.0)
    - React-jsi (= 1000.0.0)
  - ReactCommon/turbomodule/samples (1000.0.0):
    - DoubleConversion
    - glog
    - RCT-Folly (= 2020.01.13.00)
    - React-callinvoker (= 1000.0.0)
    - React-Core (= 1000.0.0)
    - React-cxxreact (= 1000.0.0)
    - React-jsi (= 1000.0.0)
    - ReactCommon/turbomodule/core (= 1000.0.0)
  - Yoga (1.14.0)
  - YogaKit (1.18.1):
    - Yoga (~> 1.14)

DEPENDENCIES:
  - boost-for-react-native (from `../third-party-podspecs/boost-for-react-native.podspec`)
  - DoubleConversion (from `../third-party-podspecs/DoubleConversion.podspec`)
  - FBLazyVector (from `../Libraries/FBLazyVector`)
  - FBReactNativeSpec (from `../Libraries/FBReactNativeSpec`)
  - Flipper (~> 0.54.0)
  - Flipper-DoubleConversion (= 1.1.7)
  - Flipper-Folly (~> 2.2)
  - Flipper-Glog (= 0.3.6)
  - Flipper-PeerTalk (~> 0.0.4)
  - Flipper-RSocket (~> 1.1)
  - FlipperKit (~> 0.54.0)
  - FlipperKit/Core (~> 0.54.0)
  - FlipperKit/CppBridge (~> 0.54.0)
  - FlipperKit/FBCxxFollyDynamicConvert (~> 0.54.0)
  - FlipperKit/FBDefines (~> 0.54.0)
  - FlipperKit/FKPortForwarding (~> 0.54.0)
  - FlipperKit/FlipperKitHighlightOverlay (~> 0.54.0)
  - FlipperKit/FlipperKitLayoutPlugin (~> 0.54.0)
  - FlipperKit/FlipperKitLayoutTextSearchable (~> 0.54.0)
  - FlipperKit/FlipperKitNetworkPlugin (~> 0.54.0)
  - FlipperKit/FlipperKitReactPlugin (~> 0.54.0)
  - FlipperKit/FlipperKitUserDefaultsPlugin (~> 0.54.0)
  - FlipperKit/SKIOSNetworkPlugin (~> 0.54.0)
  - glog (from `../third-party-podspecs/glog.podspec`)
  - hermes (from `../node_modules/hermes-engine-darwin`)
  - libevent (from `../third-party-podspecs/libevent.podspec`)
  - RCT-Folly (from `../third-party-podspecs/RCT-Folly.podspec`)
  - RCTRequired (from `../Libraries/RCTRequired`)
  - RCTTypeSafety (from `../Libraries/TypeSafety`)
  - React (from `../`)
  - React-ART (from `../Libraries/ART`)
  - React-callinvoker (from `../ReactCommon/callinvoker`)
  - React-Core (from `../`)
  - React-Core/DevSupport (from `../`)
  - React-Core/Hermes (from `../`)
  - React-Core/RCTWebSocket (from `../`)
  - React-CoreModules (from `../React/CoreModules`)
  - React-cxxreact (from `../ReactCommon/cxxreact`)
  - React-jsi (from `../ReactCommon/jsi`)
  - React-jsiexecutor (from `../ReactCommon/jsiexecutor`)
  - React-jsinspector (from `../ReactCommon/jsinspector`)
  - React-RCTActionSheet (from `../Libraries/ActionSheetIOS`)
  - React-RCTAnimation (from `../Libraries/NativeAnimation`)
  - React-RCTBlob (from `../Libraries/Blob`)
  - React-RCTImage (from `../Libraries/Image`)
  - React-RCTLinking (from `../Libraries/LinkingIOS`)
  - React-RCTNetwork (from `../Libraries/Network`)
  - React-RCTPushNotification (from `../Libraries/PushNotificationIOS`)
  - React-RCTSettings (from `../Libraries/Settings`)
  - React-RCTTest (from `./RCTTest`)
  - React-RCTText (from `../Libraries/Text`)
  - React-RCTVibration (from `../Libraries/Vibration`)
  - React-TurboModuleCxx-RNW (from `../ReactTurboModuleCxx/React-TurboModuleCxx-RNW.podspec`)
  - React-TurboModuleCxx-WinRTPort (from `../ReactTurboModuleCxx`)
  - ReactCommon/turbomodule/core (from `../ReactCommon`)
  - ReactCommon/turbomodule/samples (from `../ReactCommon`)
  - Yoga (from `../ReactCommon/yoga`)

SPEC REPOS:
  trunk:
    - CocoaAsyncSocket
    - CocoaLibEvent
    - Flipper
    - Flipper-DoubleConversion
    - Flipper-Folly
    - Flipper-Glog
    - Flipper-PeerTalk
    - Flipper-RSocket
    - FlipperKit
    - OpenSSL-Universal
    - YogaKit

EXTERNAL SOURCES:
  boost-for-react-native:
    :podspec: "../third-party-podspecs/boost-for-react-native.podspec"
  DoubleConversion:
    :podspec: "../third-party-podspecs/DoubleConversion.podspec"
  FBLazyVector:
    :path: "../Libraries/FBLazyVector"
  FBReactNativeSpec:
    :path: "../Libraries/FBReactNativeSpec"
  glog:
    :podspec: "../third-party-podspecs/glog.podspec"
  hermes:
    :path: "../node_modules/hermes-engine-darwin"
  libevent:
    :podspec: "../third-party-podspecs/libevent.podspec"
  RCT-Folly:
    :podspec: "../third-party-podspecs/RCT-Folly.podspec"
  RCTRequired:
    :path: "../Libraries/RCTRequired"
  RCTTypeSafety:
    :path: "../Libraries/TypeSafety"
  React:
    :path: "../"
  React-ART:
    :path: "../Libraries/ART"
  React-callinvoker:
    :path: "../ReactCommon/callinvoker"
  React-Core:
    :path: "../"
  React-CoreModules:
    :path: "../React/CoreModules"
  React-cxxreact:
    :path: "../ReactCommon/cxxreact"
  React-jsi:
    :path: "../ReactCommon/jsi"
  React-jsiexecutor:
    :path: "../ReactCommon/jsiexecutor"
  React-jsinspector:
    :path: "../ReactCommon/jsinspector"
  React-RCTActionSheet:
    :path: "../Libraries/ActionSheetIOS"
  React-RCTAnimation:
    :path: "../Libraries/NativeAnimation"
  React-RCTBlob:
    :path: "../Libraries/Blob"
  React-RCTImage:
    :path: "../Libraries/Image"
  React-RCTLinking:
    :path: "../Libraries/LinkingIOS"
  React-RCTNetwork:
    :path: "../Libraries/Network"
  React-RCTPushNotification:
    :path: "../Libraries/PushNotificationIOS"
  React-RCTSettings:
    :path: "../Libraries/Settings"
  React-RCTTest:
    :path: "./RCTTest"
  React-RCTText:
    :path: "../Libraries/Text"
  React-RCTVibration:
    :path: "../Libraries/Vibration"
  React-TurboModuleCxx-RNW:
    :podspec: "../ReactTurboModuleCxx/React-TurboModuleCxx-RNW.podspec"
  React-TurboModuleCxx-WinRTPort:
    :path: "../ReactTurboModuleCxx"
  ReactCommon:
    :path: "../ReactCommon"
  Yoga:
    :path: "../ReactCommon/yoga"

SPEC CHECKSUMS:
  boost-for-react-native: a110407d9db2642fd2e1bcd7c5a51c81f2521dc9
  CocoaAsyncSocket: 694058e7c0ed05a9e217d1b3c7ded962f4180845
  CocoaLibEvent: 2fab71b8bd46dd33ddb959f7928ec5909f838e3f
  DoubleConversion: 2b45d0f8e156a5b02354c8a4062de64d41ccb4e0
  FBLazyVector: 2e7a76931391fe75fcafa9d7377ad6621ae09001
  FBReactNativeSpec: 42532d1cdd92ba60da451a45f279a802c2661b52
  Flipper: be611d4b742d8c87fbae2ca5f44603a02539e365
  Flipper-DoubleConversion: 38631e41ef4f9b12861c67d17cb5518d06badc41
  Flipper-Folly: c12092ea368353b58e992843a990a3225d4533c3
  Flipper-Glog: 1dfd6abf1e922806c52ceb8701a3599a79a200a6
  Flipper-PeerTalk: 116d8f857dc6ef55c7a5a75ea3ceaafe878aadc9
  Flipper-RSocket: 64e7431a55835eb953b0bf984ef3b90ae9fdddd7
  FlipperKit: ab353d41aea8aae2ea6daaf813e67496642f3d7d
  glog: 789873d01e4b200777d0a09bc23d548446758699
  hermes: 12d049af0d8e8379c5b3b54ffb1919d670045bdc
  libevent: 59938c595b8c19e50c83250628ffed9ebf662183
  OpenSSL-Universal: 8b48cc0d10c1b2923617dfe5c178aa9ed2689355
  RCT-Folly: 55d0039b24e192081ec0b2257f7bd9f42e382fb7
  RCTRequired: 659d8cf6ea1957fceefffb12471004415e618c87
  RCTTypeSafety: 7e1b5aa1b53bdc6bead0eb8cacb6f69b36653724
  React: 1379538356d512ce1da89eb432c7c19f6a8bcfc1
  React-ART: 1feec70e8e94babfe872445688e2f0bbbcbb6018
  React-callinvoker: 6c58f926cbfbf83b6b24902558ca0e971b8f775e
  React-Core: 566550c7fb829b8685ad2b7ccb0642cd92563da1
  React-CoreModules: 8d3d3a6ecee7ae99d618991ddf58b8923aabe794
  React-cxxreact: 4b502d93b200a419c753c92c3f427d26e83b9b75
  React-jsi: e3da93735e7ded3d5afbe1a33dd2262c105a34ac
  React-jsiexecutor: dcb9f7bfe8a6c6ed36b4af0a2fb829bc78ead9f0
  React-jsinspector: 540e27e56ba67b11fc88815a4ac5949a0a9f9c1e
  React-RCTActionSheet: 35aa6cce47c4d0fb6508a18fbe0241664c0d7068
  React-RCTAnimation: 088d43be0cc3281852e5a765e0ac43894aaf38d9
  React-RCTBlob: ccec927c935dd33f35b834d34ceff164d1aa6da9
  React-RCTImage: 1c519c3358b102cd6f8415ac31d466591abc279d
  React-RCTLinking: c79b0c449a3ff34f17cd8880d3725cd6cc99f16b
  React-RCTNetwork: f49791fb3c1f53ef1f409a1817685c354d7b1eea
  React-RCTPushNotification: ff47ab6a9f33bf06f273556cfb9e111d9cc89c8e
  React-RCTSettings: 75a380c5da3497608ef0d9cd2b6fbddb15080f0b
  React-RCTTest: 7adf7dcce642942bb8f3bdba720ec9698ab79a6b
  React-RCTText: 4cc813e3c78368a51a622bf4519d319414441e31
  React-RCTVibration: d1392b71f0dbd9444b14b2f97ff1ab528c3dd12f
  React-TurboModuleCxx-RNW: 18bb71af41fe34c8b12a56bef60aae7ee32b0817
  React-TurboModuleCxx-WinRTPort: d35e77201ed39b4016f3803ecc85e7397c68f8dc
  ReactCommon: 85b604b4159e319a05b465b12ebb527f60c3e457
  Yoga: c4adb4d69331ec10dfd0efa9254781ab3c2222a0
  YogaKit: f782866e155069a2cca2517aafea43200b01fd5a

PODFILE CHECKSUM: baaa75a5807a228f32c4218f28c9260336518038

COCOAPODS: 1.10.1
